
Microsoft Visual Studio Solution File, Format Version 12.00
# Visual Studio Version 16
VisualStudioVersion = 16.6.30114.105
MinimumVisualStudioVersion = 10.0.40219.1
Project("{9A19103F-16F7-4668-BE54-9A1E7A4F7556}") = "R5T.D0083.Base", "R5T.D0083.Base\R5T.D0083.Base.csproj", "{3076790A-72DE-4F04-BC0A-93E3D3D5FE99}"
EndProject
Project("{2150E333-8FDC-42A3-9474-1A3956D46DE8}") = "_Dependencies", "_Dependencies", "{70E2CB97-E916-4CC0-AFB4-0313F9856301}"
EndProject
Project("{9A19103F-16F7-4668-BE54-9A1E7A4F7556}") = "R5T.Dacia.T002", "..\..\R5T.Dacia\source\R5T.Dacia.T002\R5T.Dacia.T002.csproj", "{0C4D5659-5C7E-475B-A6C2-A40734344547}"
EndProject
Project("{9A19103F-16F7-4668-BE54-9A1E7A4F7556}") = "R5T.D0083.I001", "R5T.D0083.I001\R5T.D0083.I001.csproj", "{7D78BC19-FF8B-4B5A-9C5C-33CC76E158F3}"
EndProject
Project("{9A19103F-16F7-4668-BE54-9A1E7A4F7556}") = "R5T.Dacia.Extensions", "..\..\R5T.Dacia.Extensions\source\R5T.Dacia.Extensions\R5T.Dacia.Extensions.csproj", "{D5576A73-3F2E-4C4A-B317-ED1B1B50A32D}"
EndProject
Project("{9A19103F-16F7-4668-BE54-9A1E7A4F7556}") = "R5T.Lombardy.Base", "..\..\R5T.Lombardy.Base\source\R5T.Lombardy.Base\R5T.Lombardy.Base.csproj", "{227147E1-B55D-41F8-BA5F-E206ABDB2DBF}"
EndProject
Project("{9A19103F-16F7-4668-BE54-9A1E7A4F7556}") = "R5T.Dacia", "..\..\R5T.Dacia\source\R5T.Dacia\R5T.Dacia.csproj", "{3216500F-3459-4418-BC5F-B817D92EC9EA}"
EndProject
Project("{9A19103F-16F7-4668-BE54-9A1E7A4F7556}") = "R5T.Magyar", "..\..\R5T.Magyar\source\R5T.Magyar\R5T.Magyar.csproj", "{C4646A3E-2A48-490E-84C0-605E416C2429}"
EndProject
Project("{9A19103F-16F7-4668-BE54-9A1E7A4F7556}") = "R5T.T0039.T002", "..\..\R5T.T0039\source\R5T.T0039.T002\R5T.T0039.T002.csproj", "{B26B861D-69FA-4C50-B820-949E5B43F564}"
EndProject
Global
	GlobalSection(SolutionConfigurationPlatforms) = preSolution
		Debug|Any CPU = Debug|Any CPU
		Debug|x64 = Debug|x64
		Debug|x86 = Debug|x86
		Release|Any CPU = Release|Any CPU
		Release|x64 = Release|x64
		Release|x86 = Release|x86
	EndGlobalSection
	GlobalSection(ProjectConfigurationPlatforms) = postSolution
		{3076790A-72DE-4F04-BC0A-93E3D3D5FE99}.Debug|Any CPU.ActiveCfg = Debug|Any CPU
		{3076790A-72DE-4F04-BC0A-93E3D3D5FE99}.Debug|Any CPU.Build.0 = Debug|Any CPU
		{3076790A-72DE-4F04-BC0A-93E3D3D5FE99}.Debug|x64.ActiveCfg = Debug|Any CPU
		{3076790A-72DE-4F04-BC0A-93E3D3D5FE99}.Debug|x64.Build.0 = Debug|Any CPU
		{3076790A-72DE-4F04-BC0A-93E3D3D5FE99}.Debug|x86.ActiveCfg = Debug|Any CPU
		{3076790A-72DE-4F04-BC0A-93E3D3D5FE99}.Debug|x86.Build.0 = Debug|Any CPU
		{3076790A-72DE-4F04-BC0A-93E3D3D5FE99}.Release|Any CPU.ActiveCfg = Release|Any CPU
		{3076790A-72DE-4F04-BC0A-93E3D3D5FE99}.Release|Any CPU.Build.0 = Release|Any CPU
		{3076790A-72DE-4F04-BC0A-93E3D3D5FE99}.Release|x64.ActiveCfg = Release|Any CPU
		{3076790A-72DE-4F04-BC0A-93E3D3D5FE99}.Release|x64.Build.0 = Release|Any CPU
		{3076790A-72DE-4F04-BC0A-93E3D3D5FE99}.Release|x86.ActiveCfg = Release|Any CPU
		{3076790A-72DE-4F04-BC0A-93E3D3D5FE99}.Release|x86.Build.0 = Release|Any CPU
		{0C4D5659-5C7E-475B-A6C2-A40734344547}.Debug|Any CPU.ActiveCfg = Debug|Any CPU
		{0C4D5659-5C7E-475B-A6C2-A40734344547}.Debug|Any CPU.Build.0 = Debug|Any CPU
		{0C4D5659-5C7E-475B-A6C2-A40734344547}.Debug|x64.ActiveCfg = Debug|Any CPU
		{0C4D5659-5C7E-475B-A6C2-A40734344547}.Debug|x64.Build.0 = Debug|Any CPU
		{0C4D5659-5C7E-475B-A6C2-A40734344547}.Debug|x86.ActiveCfg = Debug|Any CPU
		{0C4D5659-5C7E-475B-A6C2-A40734344547}.Debug|x86.Build.0 = Debug|Any CPU
		{0C4D5659-5C7E-475B-A6C2-A40734344547}.Release|Any CPU.ActiveCfg = Release|Any CPU
		{0C4D5659-5C7E-475B-A6C2-A40734344547}.Release|Any CPU.Build.0 = Release|Any CPU
		{0C4D5659-5C7E-475B-A6C2-A40734344547}.Release|x64.ActiveCfg = Release|Any CPU
		{0C4D5659-5C7E-475B-A6C2-A40734344547}.Release|x64.Build.0 = Release|Any CPU
		{0C4D5659-5C7E-475B-A6C2-A40734344547}.Release|x86.ActiveCfg = Release|Any CPU
		{0C4D5659-5C7E-475B-A6C2-A40734344547}.Release|x86.Build.0 = Release|Any CPU
		{7D78BC19-FF8B-4B5A-9C5C-33CC76E158F3}.Debug|Any CPU.ActiveCfg = Debug|Any CPU
		{7D78BC19-FF8B-4B5A-9C5C-33CC76E158F3}.Debug|Any CPU.Build.0 = Debug|Any CPU
		{7D78BC19-FF8B-4B5A-9C5C-33CC76E158F3}.Debug|x64.ActiveCfg = Debug|Any CPU
		{7D78BC19-FF8B-4B5A-9C5C-33CC76E158F3}.Debug|x64.Build.0 = Debug|Any CPU
		{7D78BC19-FF8B-4B5A-9C5C-33CC76E158F3}.Debug|x86.ActiveCfg = Debug|Any CPU
		{7D78BC19-FF8B-4B5A-9C5C-33CC76E158F3}.Debug|x86.Build.0 = Debug|Any CPU
		{7D78BC19-FF8B-4B5A-9C5C-33CC76E158F3}.Release|Any CPU.ActiveCfg = Release|Any CPU
		{7D78BC19-FF8B-4B5A-9C5C-33CC76E158F3}.Release|Any CPU.Build.0 = Release|Any CPU
		{7D78BC19-FF8B-4B5A-9C5C-33CC76E158F3}.Release|x64.ActiveCfg = Release|Any CPU
		{7D78BC19-FF8B-4B5A-9C5C-33CC76E158F3}.Release|x64.Build.0 = Release|Any CPU
		{7D78BC19-FF8B-4B5A-9C5C-33CC76E158F3}.Release|x86.ActiveCfg = Release|Any CPU
		{7D78BC19-FF8B-4B5A-9C5C-33CC76E158F3}.Release|x86.Build.0 = Release|Any CPU
		{D5576A73-3F2E-4C4A-B317-ED1B1B50A32D}.Debug|Any CPU.ActiveCfg = Debug|Any CPU
		{D5576A73-3F2E-4C4A-B317-ED1B1B50A32D}.Debug|Any CPU.Build.0 = Debug|Any CPU
		{D5576A73-3F2E-4C4A-B317-ED1B1B50A32D}.Debug|x64.ActiveCfg = Debug|Any CPU
		{D5576A73-3F2E-4C4A-B317-ED1B1B50A32D}.Debug|x64.Build.0 = Debug|Any CPU
		{D5576A73-3F2E-4C4A-B317-ED1B1B50A32D}.Debug|x86.ActiveCfg = Debug|Any CPU
		{D5576A73-3F2E-4C4A-B317-ED1B1B50A32D}.Debug|x86.Build.0 = Debug|Any CPU
		{D5576A73-3F2E-4C4A-B317-ED1B1B50A32D}.Release|Any CPU.ActiveCfg = Release|Any CPU
		{D5576A73-3F2E-4C4A-B317-ED1B1B50A32D}.Release|Any CPU.Build.0 = Release|Any CPU
		{D5576A73-3F2E-4C4A-B317-ED1B1B50A32D}.Release|x64.ActiveCfg = Release|Any CPU
		{D5576A73-3F2E-4C4A-B317-ED1B1B50A32D}.Release|x64.Build.0 = Release|Any CPU
		{D5576A73-3F2E-4C4A-B317-ED1B1B50A32D}.Release|x86.ActiveCfg = Release|Any CPU
		{D5576A73-3F2E-4C4A-B317-ED1B1B50A32D}.Release|x86.Build.0 = Release|Any CPU
		{227147E1-B55D-41F8-BA5F-E206ABDB2DBF}.Debug|Any CPU.ActiveCfg = Debug|Any CPU
		{227147E1-B55D-41F8-BA5F-E206ABDB2DBF}.Debug|Any CPU.Build.0 = Debug|Any CPU
		{227147E1-B55D-41F8-BA5F-E206ABDB2DBF}.Debug|x64.ActiveCfg = Debug|Any CPU
		{227147E1-B55D-41F8-BA5F-E206ABDB2DBF}.Debug|x64.Build.0 = Debug|Any CPU
		{227147E1-B55D-41F8-BA5F-E206ABDB2DBF}.Debug|x86.ActiveCfg = Debug|Any CPU
		{227147E1-B55D-41F8-BA5F-E206ABDB2DBF}.Debug|x86.Build.0 = Debug|Any CPU
		{227147E1-B55D-41F8-BA5F-E206ABDB2DBF}.Release|Any CPU.ActiveCfg = Release|Any CPU
		{227147E1-B55D-41F8-BA5F-E206ABDB2DBF}.Release|Any CPU.Build.0 = Release|Any CPU
		{227147E1-B55D-41F8-BA5F-E206ABDB2DBF}.Release|x64.ActiveCfg = Release|Any CPU
		{227147E1-B55D-41F8-BA5F-E206ABDB2DBF}.Release|x64.Build.0 = Release|Any CPU
		{227147E1-B55D-41F8-BA5F-E206ABDB2DBF}.Release|x86.ActiveCfg = Release|Any CPU
		{227147E1-B55D-41F8-BA5F-E206ABDB2DBF}.Release|x86.Build.0 = Release|Any CPU
		{3216500F-3459-4418-BC5F-B817D92EC9EA}.Debug|Any CPU.ActiveCfg = Debug|Any CPU
		{3216500F-3459-4418-BC5F-B817D92EC9EA}.Debug|Any CPU.Build.0 = Debug|Any CPU
		{3216500F-3459-4418-BC5F-B817D92EC9EA}.Debug|x64.ActiveCfg = Debug|Any CPU
		{3216500F-3459-4418-BC5F-B817D92EC9EA}.Debug|x64.Build.0 = Debug|Any CPU
		{3216500F-3459-4418-BC5F-B817D92EC9EA}.Debug|x86.ActiveCfg = Debug|Any CPU
		{3216500F-3459-4418-BC5F-B817D92EC9EA}.Debug|x86.Build.0 = Debug|Any CPU
		{3216500F-3459-4418-BC5F-B817D92EC9EA}.Release|Any CPU.ActiveCfg = Release|Any CPU
		{3216500F-3459-4418-BC5F-B817D92EC9EA}.Release|Any CPU.Build.0 = Release|Any CPU
		{3216500F-3459-4418-BC5F-B817D92EC9EA}.Release|x64.ActiveCfg = Release|Any CPU
		{3216500F-3459-4418-BC5F-B817D92EC9EA}.Release|x64.Build.0 = Release|Any CPU
		{3216500F-3459-4418-BC5F-B817D92EC9EA}.Release|x86.ActiveCfg = Release|Any CPU
		{3216500F-3459-4418-BC5F-B817D92EC9EA}.Release|x86.Build.0 = Release|Any CPU
		{C4646A3E-2A48-490E-84C0-605E416C2429}.Debug|Any CPU.ActiveCfg = Debug|Any CPU
		{C4646A3E-2A48-490E-84C0-605E416C2429}.Debug|Any CPU.Build.0 = Debug|Any CPU
		{C4646A3E-2A48-490E-84C0-605E416C2429}.Debug|x64.ActiveCfg = Debug|Any CPU
		{C4646A3E-2A48-490E-84C0-605E416C2429}.Debug|x64.Build.0 = Debug|Any CPU
		{C4646A3E-2A48-490E-84C0-605E416C2429}.Debug|x86.ActiveCfg = Debug|Any CPU
		{C4646A3E-2A48-490E-84C0-605E416C2429}.Debug|x86.Build.0 = Debug|Any CPU
		{C4646A3E-2A48-490E-84C0-605E416C2429}.Release|Any CPU.ActiveCfg = Release|Any CPU
		{C4646A3E-2A48-490E-84C0-605E416C2429}.Release|Any CPU.Build.0 = Release|Any CPU
		{C4646A3E-2A48-490E-84C0-605E416C2429}.Release|x64.ActiveCfg = Release|Any CPU
		{C4646A3E-2A48-490E-84C0-605E416C2429}.Release|x64.Build.0 = Release|Any CPU
		{C4646A3E-2A48-490E-84C0-605E416C2429}.Release|x86.ActiveCfg = Release|Any CPU
		{C4646A3E-2A48-490E-84C0-605E416C2429}.Release|x86.Build.0 = Release|Any CPU
		{B26B861D-69FA-4C50-B820-949E5B43F564}.Debug|Any CPU.ActiveCfg = Debug|Any CPU
		{B26B861D-69FA-4C50-B820-949E5B43F564}.Debug|Any CPU.Build.0 = Debug|Any CPU
		{B26B861D-69FA-4C50-B820-949E5B43F564}.Debug|x64.ActiveCfg = Debug|Any CPU
		{B26B861D-69FA-4C50-B820-949E5B43F564}.Debug|x64.Build.0 = Debug|Any CPU
		{B26B861D-69FA-4C50-B820-949E5B43F564}.Debug|x86.ActiveCfg = Debug|Any CPU
		{B26B861D-69FA-4C50-B820-949E5B43F564}.Debug|x86.Build.0 = Debug|Any CPU
		{B26B861D-69FA-4C50-B820-949E5B43F564}.Release|Any CPU.ActiveCfg = Release|Any CPU
		{B26B861D-69FA-4C50-B820-949E5B43F564}.Release|Any CPU.Build.0 = Release|Any CPU
		{B26B861D-69FA-4C50-B820-949E5B43F564}.Release|x64.ActiveCfg = Release|Any CPU
		{B26B861D-69FA-4C50-B820-949E5B43F564}.Release|x64.Build.0 = Release|Any CPU
		{B26B861D-69FA-4C50-B820-949E5B43F564}.Release|x86.ActiveCfg = Release|Any CPU
		{B26B861D-69FA-4C50-B820-949E5B43F564}.Release|x86.Build.0 = Release|Any CPU
	EndGlobalSection
	GlobalSection(SolutionProperties) = preSolution
		HideSolutionNode = FALSE
	EndGlobalSection
	GlobalSection(NestedProjects) = preSolution
		{0C4D5659-5C7E-475B-A6C2-A40734344547} = {70E2CB97-E916-4CC0-AFB4-0313F9856301}
		{D5576A73-3F2E-4C4A-B317-ED1B1B50A32D} = {70E2CB97-E916-4CC0-AFB4-0313F9856301}
		{227147E1-B55D-41F8-BA5F-E206ABDB2DBF} = {70E2CB97-E916-4CC0-AFB4-0313F9856301}
		{3216500F-3459-4418-BC5F-B817D92EC9EA} = {70E2CB97-E916-4CC0-AFB4-0313F9856301}
		{C4646A3E-2A48-490E-84C0-605E416C2429} = {70E2CB97-E916-4CC0-AFB4-0313F9856301}
		{B26B861D-69FA-4C50-B820-949E5B43F564} = {70E2CB97-E916-4CC0-AFB4-0313F9856301}
	EndGlobalSection
	GlobalSection(ExtensibilityGlobals) = postSolution
		SolutionGuid = {ED2375A9-8864-4DD8-83BB-15AA04C8DBCF}
	EndGlobalSection
EndGlobal
