
Microsoft Visual Studio Solution File, Format Version 12.00
# Visual Studio Version 16
VisualStudioVersion = 16.6.30114.105
MinimumVisualStudioVersion = 10.0.40219.1
Project("{FAE04EC0-301F-11D3-BF4B-00C04F79EFBC}") = "R5T.D0083.Construction", "R5T.D0083.Construction\R5T.D0083.Construction.csproj", "{47129FE9-4DA9-43A3-B86C-EDDD55BF2166}"
EndProject
Project("{2150E333-8FDC-42A3-9474-1A3956D46DE8}") = "_Dependencies", "_Dependencies", "{CD67E93A-9853-4033-A261-8F309FEA5C10}"
EndProject
Project("{FAE04EC0-301F-11D3-BF4B-00C04F79EFBC}") = "R5T.Plymouth.ProgramAsAService", "..\..\R5T.Plymouth\source\R5T.Plymouth.ProgramAsAService\R5T.Plymouth.ProgramAsAService.csproj", "{CE0A49C3-D69D-4E40-B4F9-B8D2E4883EF1}"
EndProject
Project("{FAE04EC0-301F-11D3-BF4B-00C04F79EFBC}") = "R5T.T0027.T009", "..\..\R5T.T0027\source\R5T.T0027.T009\R5T.T0027.T009.csproj", "{F1E44DC9-0310-4C8A-B81E-7DA0BFC53568}"
EndProject
Project("{FAE04EC0-301F-11D3-BF4B-00C04F79EFBC}") = "R5T.D0083.I001", "R5T.D0083.I001\R5T.D0083.I001.csproj", "{88E764EB-9E7B-449C-8692-0BCE93E23F69}"
EndProject
Project("{FAE04EC0-301F-11D3-BF4B-00C04F79EFBC}") = "R5T.D0083.Base", "R5T.D0083.Base\R5T.D0083.Base.csproj", "{80FF0E2E-B044-430A-8907-FCEFA4CD25AA}"
EndProject
Project("{FAE04EC0-301F-11D3-BF4B-00C04F79EFBC}") = "R5T.Dacia.Extensions", "..\..\R5T.Dacia.Extensions\source\R5T.Dacia.Extensions\R5T.Dacia.Extensions.csproj", "{C609142E-AA39-412B-8306-4EADF6D83DD3}"
EndProject
Project("{FAE04EC0-301F-11D3-BF4B-00C04F79EFBC}") = "R5T.Dacia.T002", "..\..\R5T.Dacia\source\R5T.Dacia.T002\R5T.Dacia.T002.csproj", "{F6D16147-9E80-4C84-864D-7CD1E40F0BEB}"
EndProject
Global
	GlobalSection(SolutionConfigurationPlatforms) = preSolution
		Debug|Any CPU = Debug|Any CPU
		Debug|x64 = Debug|x64
		Debug|x86 = Debug|x86
		Release|Any CPU = Release|Any CPU
		Release|x64 = Release|x64
		Release|x86 = Release|x86
	EndGlobalSection
	GlobalSection(SolutionProperties) = preSolution
		HideSolutionNode = FALSE
	EndGlobalSection
	GlobalSection(ProjectConfigurationPlatforms) = postSolution
		{47129FE9-4DA9-43A3-B86C-EDDD55BF2166}.Debug|Any CPU.ActiveCfg = Debug|Any CPU
		{47129FE9-4DA9-43A3-B86C-EDDD55BF2166}.Debug|Any CPU.Build.0 = Debug|Any CPU
		{47129FE9-4DA9-43A3-B86C-EDDD55BF2166}.Debug|x64.ActiveCfg = Debug|Any CPU
		{47129FE9-4DA9-43A3-B86C-EDDD55BF2166}.Debug|x64.Build.0 = Debug|Any CPU
		{47129FE9-4DA9-43A3-B86C-EDDD55BF2166}.Debug|x86.ActiveCfg = Debug|Any CPU
		{47129FE9-4DA9-43A3-B86C-EDDD55BF2166}.Debug|x86.Build.0 = Debug|Any CPU
		{47129FE9-4DA9-43A3-B86C-EDDD55BF2166}.Release|Any CPU.ActiveCfg = Release|Any CPU
		{47129FE9-4DA9-43A3-B86C-EDDD55BF2166}.Release|Any CPU.Build.0 = Release|Any CPU
		{47129FE9-4DA9-43A3-B86C-EDDD55BF2166}.Release|x64.ActiveCfg = Release|Any CPU
		{47129FE9-4DA9-43A3-B86C-EDDD55BF2166}.Release|x64.Build.0 = Release|Any CPU
		{47129FE9-4DA9-43A3-B86C-EDDD55BF2166}.Release|x86.ActiveCfg = Release|Any CPU
		{47129FE9-4DA9-43A3-B86C-EDDD55BF2166}.Release|x86.Build.0 = Release|Any CPU
		{CE0A49C3-D69D-4E40-B4F9-B8D2E4883EF1}.Debug|Any CPU.ActiveCfg = Debug|Any CPU
		{CE0A49C3-D69D-4E40-B4F9-B8D2E4883EF1}.Debug|Any CPU.Build.0 = Debug|Any CPU
		{CE0A49C3-D69D-4E40-B4F9-B8D2E4883EF1}.Debug|x64.ActiveCfg = Debug|Any CPU
		{CE0A49C3-D69D-4E40-B4F9-B8D2E4883EF1}.Debug|x64.Build.0 = Debug|Any CPU
		{CE0A49C3-D69D-4E40-B4F9-B8D2E4883EF1}.Debug|x86.ActiveCfg = Debug|Any CPU
		{CE0A49C3-D69D-4E40-B4F9-B8D2E4883EF1}.Debug|x86.Build.0 = Debug|Any CPU
		{CE0A49C3-D69D-4E40-B4F9-B8D2E4883EF1}.Release|Any CPU.ActiveCfg = Release|Any CPU
		{CE0A49C3-D69D-4E40-B4F9-B8D2E4883EF1}.Release|Any CPU.Build.0 = Release|Any CPU
		{CE0A49C3-D69D-4E40-B4F9-B8D2E4883EF1}.Release|x64.ActiveCfg = Release|Any CPU
		{CE0A49C3-D69D-4E40-B4F9-B8D2E4883EF1}.Release|x64.Build.0 = Release|Any CPU
		{CE0A49C3-D69D-4E40-B4F9-B8D2E4883EF1}.Release|x86.ActiveCfg = Release|Any CPU
		{CE0A49C3-D69D-4E40-B4F9-B8D2E4883EF1}.Release|x86.Build.0 = Release|Any CPU
		{F1E44DC9-0310-4C8A-B81E-7DA0BFC53568}.Debug|Any CPU.ActiveCfg = Debug|Any CPU
		{F1E44DC9-0310-4C8A-B81E-7DA0BFC53568}.Debug|Any CPU.Build.0 = Debug|Any CPU
		{F1E44DC9-0310-4C8A-B81E-7DA0BFC53568}.Debug|x64.ActiveCfg = Debug|Any CPU
		{F1E44DC9-0310-4C8A-B81E-7DA0BFC53568}.Debug|x64.Build.0 = Debug|Any CPU
		{F1E44DC9-0310-4C8A-B81E-7DA0BFC53568}.Debug|x86.ActiveCfg = Debug|Any CPU
		{F1E44DC9-0310-4C8A-B81E-7DA0BFC53568}.Debug|x86.Build.0 = Debug|Any CPU
		{F1E44DC9-0310-4C8A-B81E-7DA0BFC53568}.Release|Any CPU.ActiveCfg = Release|Any CPU
		{F1E44DC9-0310-4C8A-B81E-7DA0BFC53568}.Release|Any CPU.Build.0 = Release|Any CPU
		{F1E44DC9-0310-4C8A-B81E-7DA0BFC53568}.Release|x64.ActiveCfg = Release|Any CPU
		{F1E44DC9-0310-4C8A-B81E-7DA0BFC53568}.Release|x64.Build.0 = Release|Any CPU
		{F1E44DC9-0310-4C8A-B81E-7DA0BFC53568}.Release|x86.ActiveCfg = Release|Any CPU
		{F1E44DC9-0310-4C8A-B81E-7DA0BFC53568}.Release|x86.Build.0 = Release|Any CPU
		{88E764EB-9E7B-449C-8692-0BCE93E23F69}.Debug|Any CPU.ActiveCfg = Debug|Any CPU
		{88E764EB-9E7B-449C-8692-0BCE93E23F69}.Debug|Any CPU.Build.0 = Debug|Any CPU
		{88E764EB-9E7B-449C-8692-0BCE93E23F69}.Debug|x64.ActiveCfg = Debug|Any CPU
		{88E764EB-9E7B-449C-8692-0BCE93E23F69}.Debug|x64.Build.0 = Debug|Any CPU
		{88E764EB-9E7B-449C-8692-0BCE93E23F69}.Debug|x86.ActiveCfg = Debug|Any CPU
		{88E764EB-9E7B-449C-8692-0BCE93E23F69}.Debug|x86.Build.0 = Debug|Any CPU
		{88E764EB-9E7B-449C-8692-0BCE93E23F69}.Release|Any CPU.ActiveCfg = Release|Any CPU
		{88E764EB-9E7B-449C-8692-0BCE93E23F69}.Release|Any CPU.Build.0 = Release|Any CPU
		{88E764EB-9E7B-449C-8692-0BCE93E23F69}.Release|x64.ActiveCfg = Release|Any CPU
		{88E764EB-9E7B-449C-8692-0BCE93E23F69}.Release|x64.Build.0 = Release|Any CPU
		{88E764EB-9E7B-449C-8692-0BCE93E23F69}.Release|x86.ActiveCfg = Release|Any CPU
		{88E764EB-9E7B-449C-8692-0BCE93E23F69}.Release|x86.Build.0 = Release|Any CPU
		{80FF0E2E-B044-430A-8907-FCEFA4CD25AA}.Debug|Any CPU.ActiveCfg = Debug|Any CPU
		{80FF0E2E-B044-430A-8907-FCEFA4CD25AA}.Debug|Any CPU.Build.0 = Debug|Any CPU
		{80FF0E2E-B044-430A-8907-FCEFA4CD25AA}.Debug|x64.ActiveCfg = Debug|Any CPU
		{80FF0E2E-B044-430A-8907-FCEFA4CD25AA}.Debug|x64.Build.0 = Debug|Any CPU
		{80FF0E2E-B044-430A-8907-FCEFA4CD25AA}.Debug|x86.ActiveCfg = Debug|Any CPU
		{80FF0E2E-B044-430A-8907-FCEFA4CD25AA}.Debug|x86.Build.0 = Debug|Any CPU
		{80FF0E2E-B044-430A-8907-FCEFA4CD25AA}.Release|Any CPU.ActiveCfg = Release|Any CPU
		{80FF0E2E-B044-430A-8907-FCEFA4CD25AA}.Release|Any CPU.Build.0 = Release|Any CPU
		{80FF0E2E-B044-430A-8907-FCEFA4CD25AA}.Release|x64.ActiveCfg = Release|Any CPU
		{80FF0E2E-B044-430A-8907-FCEFA4CD25AA}.Release|x64.Build.0 = Release|Any CPU
		{80FF0E2E-B044-430A-8907-FCEFA4CD25AA}.Release|x86.ActiveCfg = Release|Any CPU
		{80FF0E2E-B044-430A-8907-FCEFA4CD25AA}.Release|x86.Build.0 = Release|Any CPU
		{C609142E-AA39-412B-8306-4EADF6D83DD3}.Debug|Any CPU.ActiveCfg = Debug|Any CPU
		{C609142E-AA39-412B-8306-4EADF6D83DD3}.Debug|Any CPU.Build.0 = Debug|Any CPU
		{C609142E-AA39-412B-8306-4EADF6D83DD3}.Debug|x64.ActiveCfg = Debug|Any CPU
		{C609142E-AA39-412B-8306-4EADF6D83DD3}.Debug|x64.Build.0 = Debug|Any CPU
		{C609142E-AA39-412B-8306-4EADF6D83DD3}.Debug|x86.ActiveCfg = Debug|Any CPU
		{C609142E-AA39-412B-8306-4EADF6D83DD3}.Debug|x86.Build.0 = Debug|Any CPU
		{C609142E-AA39-412B-8306-4EADF6D83DD3}.Release|Any CPU.ActiveCfg = Release|Any CPU
		{C609142E-AA39-412B-8306-4EADF6D83DD3}.Release|Any CPU.Build.0 = Release|Any CPU
		{C609142E-AA39-412B-8306-4EADF6D83DD3}.Release|x64.ActiveCfg = Release|Any CPU
		{C609142E-AA39-412B-8306-4EADF6D83DD3}.Release|x64.Build.0 = Release|Any CPU
		{C609142E-AA39-412B-8306-4EADF6D83DD3}.Release|x86.ActiveCfg = Release|Any CPU
		{C609142E-AA39-412B-8306-4EADF6D83DD3}.Release|x86.Build.0 = Release|Any CPU
		{F6D16147-9E80-4C84-864D-7CD1E40F0BEB}.Debug|Any CPU.ActiveCfg = Debug|Any CPU
		{F6D16147-9E80-4C84-864D-7CD1E40F0BEB}.Debug|Any CPU.Build.0 = Debug|Any CPU
		{F6D16147-9E80-4C84-864D-7CD1E40F0BEB}.Debug|x64.ActiveCfg = Debug|Any CPU
		{F6D16147-9E80-4C84-864D-7CD1E40F0BEB}.Debug|x64.Build.0 = Debug|Any CPU
		{F6D16147-9E80-4C84-864D-7CD1E40F0BEB}.Debug|x86.ActiveCfg = Debug|Any CPU
		{F6D16147-9E80-4C84-864D-7CD1E40F0BEB}.Debug|x86.Build.0 = Debug|Any CPU
		{F6D16147-9E80-4C84-864D-7CD1E40F0BEB}.Release|Any CPU.ActiveCfg = Release|Any CPU
		{F6D16147-9E80-4C84-864D-7CD1E40F0BEB}.Release|Any CPU.Build.0 = Release|Any CPU
		{F6D16147-9E80-4C84-864D-7CD1E40F0BEB}.Release|x64.ActiveCfg = Release|Any CPU
		{F6D16147-9E80-4C84-864D-7CD1E40F0BEB}.Release|x64.Build.0 = Release|Any CPU
		{F6D16147-9E80-4C84-864D-7CD1E40F0BEB}.Release|x86.ActiveCfg = Release|Any CPU
		{F6D16147-9E80-4C84-864D-7CD1E40F0BEB}.Release|x86.Build.0 = Release|Any CPU
	EndGlobalSection
	GlobalSection(NestedProjects) = preSolution
		{CE0A49C3-D69D-4E40-B4F9-B8D2E4883EF1} = {CD67E93A-9853-4033-A261-8F309FEA5C10}
		{F1E44DC9-0310-4C8A-B81E-7DA0BFC53568} = {CD67E93A-9853-4033-A261-8F309FEA5C10}
		{C609142E-AA39-412B-8306-4EADF6D83DD3} = {CD67E93A-9853-4033-A261-8F309FEA5C10}
		{F6D16147-9E80-4C84-864D-7CD1E40F0BEB} = {CD67E93A-9853-4033-A261-8F309FEA5C10}
	EndGlobalSection
EndGlobal
